
Microsoft Visual Studio Solution File, Format Version 12.00
# Visual Studio Version 16
VisualStudioVersion = 16.0.32126.315
MinimumVisualStudioVersion = 10.0.40219.1
Project("{FAE04EC0-301F-11D3-BF4B-00C04F79EFBC}") = "btđiemanh10_4", "btđiemanh10_4\btđiemanh10_4.csproj", "{3BFBE683-6C55-4FCD-836B-C11C78F95D8A}"
EndProject
Global
	GlobalSection(SolutionConfigurationPlatforms) = preSolution
		Debug|Any CPU = Debug|Any CPU
		Release|Any CPU = Release|Any CPU
	EndGlobalSection
	GlobalSection(ProjectConfigurationPlatforms) = postSolution
		{3BFBE683-6C55-4FCD-836B-C11C78F95D8A}.Debug|Any CPU.ActiveCfg = Debug|Any CPU
		{3BFBE683-6C55-4FCD-836B-C11C78F95D8A}.Debug|Any CPU.Build.0 = Debug|Any CPU
		{3BFBE683-6C55-4FCD-836B-C11C78F95D8A}.Release|Any CPU.ActiveCfg = Release|Any CPU
		{3BFBE683-6C55-4FCD-836B-C11C78F95D8A}.Release|Any CPU.Build.0 = Release|Any CPU
	EndGlobalSection
	GlobalSection(SolutionProperties) = preSolution
		HideSolutionNode = FALSE
	EndGlobalSection
	GlobalSection(ExtensibilityGlobals) = postSolution
		SolutionGuid = {189EC5E0-21CC-4841-B33E-2D4B3D4D6418}
	EndGlobalSection
EndGlobal
